
Microsoft Visual Studio Solution File, Format Version 12.00
# Visual Studio Version 16
VisualStudioVersion = 16.0.30204.135
MinimumVisualStudioVersion = 10.0.40219.1
Project("{FAE04EC0-301F-11D3-BF4B-00C04F79EFBC}") = "Quotes", "Quotes\Quotes.csproj", "{A50BC9C4-9E49-423A-88BE-D2E997E30753}"
EndProject
Global
	GlobalSection(SolutionConfigurationPlatforms) = preSolution
		Debug|Any CPU = Debug|Any CPU
		Release|Any CPU = Release|Any CPU
	EndGlobalSection
	GlobalSection(ProjectConfigurationPlatforms) = postSolution
		{A50BC9C4-9E49-423A-88BE-D2E997E30753}.Debug|Any CPU.ActiveCfg = Debug|Any CPU
		{A50BC9C4-9E49-423A-88BE-D2E997E30753}.Debug|Any CPU.Build.0 = Debug|Any CPU
		{A50BC9C4-9E49-423A-88BE-D2E997E30753}.Release|Any CPU.ActiveCfg = Release|Any CPU
		{A50BC9C4-9E49-423A-88BE-D2E997E30753}.Release|Any CPU.Build.0 = Release|Any CPU
	EndGlobalSection
	GlobalSection(SolutionProperties) = preSolution
		HideSolutionNode = FALSE
	EndGlobalSection
	GlobalSection(ExtensibilityGlobals) = postSolution
		SolutionGuid = {AFA1C031-1B18-47BC-8F82-0811F095263B}
	EndGlobalSection
EndGlobal
